
Microsoft Visual Studio Solution File, Format Version 12.00
# Visual Studio Version 17
VisualStudioVersion = 17.0.31903.59
MinimumVisualStudioVersion = 10.0.40219.1
Project("{FAE04EC0-301F-11D3-BF4B-00C04F79EFBC}") = "PrimeService", "PrimeService\PrimeService.csproj", "{DE1E986D-A13A-402D-8C96-A472A850B3FF}"
EndProject
Project("{FAE04EC0-301F-11D3-BF4B-00C04F79EFBC}") = "PrimeService.Tests", "PrimeService.Tests\PrimeService.Tests.csproj", "{8E359677-0548-40AA-AFB9-9FDF57F4263B}"
EndProject
Global
	GlobalSection(SolutionConfigurationPlatforms) = preSolution
		Debug|Any CPU = Debug|Any CPU
		Release|Any CPU = Release|Any CPU
	EndGlobalSection
	GlobalSection(SolutionProperties) = preSolution
		HideSolutionNode = FALSE
	EndGlobalSection
	GlobalSection(ProjectConfigurationPlatforms) = postSolution
		{DE1E986D-A13A-402D-8C96-A472A850B3FF}.Debug|Any CPU.ActiveCfg = Debug|Any CPU
		{DE1E986D-A13A-402D-8C96-A472A850B3FF}.Debug|Any CPU.Build.0 = Debug|Any CPU
		{DE1E986D-A13A-402D-8C96-A472A850B3FF}.Release|Any CPU.ActiveCfg = Release|Any CPU
		{DE1E986D-A13A-402D-8C96-A472A850B3FF}.Release|Any CPU.Build.0 = Release|Any CPU
		{8E359677-0548-40AA-AFB9-9FDF57F4263B}.Debug|Any CPU.ActiveCfg = Debug|Any CPU
		{8E359677-0548-40AA-AFB9-9FDF57F4263B}.Debug|Any CPU.Build.0 = Debug|Any CPU
		{8E359677-0548-40AA-AFB9-9FDF57F4263B}.Release|Any CPU.ActiveCfg = Release|Any CPU
		{8E359677-0548-40AA-AFB9-9FDF57F4263B}.Release|Any CPU.Build.0 = Release|Any CPU
	EndGlobalSection
EndGlobal
